
Microsoft Visual Studio Solution File, Format Version 12.00
# Visual Studio 2012
Project("{FAE04EC0-301F-11D3-BF4B-00C04F79EFBC}") = "Yeast.EventStore", "Yeast.EventStore\Yeast.EventStore.csproj", "{A9C47E7F-EEDA-40F8-BF71-638308949636}"
EndProject
Project("{FAE04EC0-301F-11D3-BF4B-00C04F79EFBC}") = "Yeast.EventStore.Test", "Yeast.EventStore.Test\Yeast.EventStore.Test.csproj", "{EF252056-B571-4A05-BB15-F6ECC9DA9990}"
EndProject
Global
	GlobalSection(TeamFoundationVersionControl) = preSolution
		SccNumberOfProjects = 3
		SccEnterpriseProvider = {4CA58AB2-18FA-4F8D-95D4-32DDF27D184C}
		SccTeamFoundationServer = https://chrispday.visualstudio.com/defaultcollection
		SccLocalPath0 = .
		SccProjectUniqueName1 = Yeast.EventStore\\Yeast.EventStore.csproj
		SccProjectName1 = Yeast.EventStore
		SccLocalPath1 = Yeast.EventStore
		SccProjectUniqueName2 = Yeast.EventStore.Test\\Yeast.EventStore.Test.csproj
		SccProjectName2 = Yeast.EventStore.Test
		SccLocalPath2 = Yeast.EventStore.Test
	EndGlobalSection
	GlobalSection(SolutionConfigurationPlatforms) = preSolution
		Debug|Any CPU = Debug|Any CPU
		Release|Any CPU = Release|Any CPU
	EndGlobalSection
	GlobalSection(ProjectConfigurationPlatforms) = postSolution
		{A9C47E7F-EEDA-40F8-BF71-638308949636}.Debug|Any CPU.ActiveCfg = Debug|Any CPU
		{A9C47E7F-EEDA-40F8-BF71-638308949636}.Debug|Any CPU.Build.0 = Debug|Any CPU
		{A9C47E7F-EEDA-40F8-BF71-638308949636}.Release|Any CPU.ActiveCfg = Release|Any CPU
		{A9C47E7F-EEDA-40F8-BF71-638308949636}.Release|Any CPU.Build.0 = Release|Any CPU
		{EF252056-B571-4A05-BB15-F6ECC9DA9990}.Debug|Any CPU.ActiveCfg = Debug|Any CPU
		{EF252056-B571-4A05-BB15-F6ECC9DA9990}.Debug|Any CPU.Build.0 = Debug|Any CPU
		{EF252056-B571-4A05-BB15-F6ECC9DA9990}.Release|Any CPU.ActiveCfg = Release|Any CPU
		{EF252056-B571-4A05-BB15-F6ECC9DA9990}.Release|Any CPU.Build.0 = Release|Any CPU
	EndGlobalSection
	GlobalSection(SolutionProperties) = preSolution
		HideSolutionNode = FALSE
	EndGlobalSection
EndGlobal
